
Microsoft Visual Studio Solution File, Format Version 12.00
# Visual Studio Version 17
VisualStudioVersion = 17.13.35931.197 d17.13
MinimumVisualStudioVersion = 10.0.40219.1
Project("{FAE04EC0-301F-11D3-BF4B-00C04F79EFBC}") = "EmployeeAgent", "EmployeeAgent\EmployeeAgent.csproj", "{C97BCCD9-CA37-4CD8-9FBF-003DAF3D2812}"
EndProject
Global
	GlobalSection(SolutionConfigurationPlatforms) = preSolution
		Debug|Any CPU = Debug|Any CPU
		Release|Any CPU = Release|Any CPU
	EndGlobalSection
	GlobalSection(ProjectConfigurationPlatforms) = postSolution
		{C97BCCD9-CA37-4CD8-9FBF-003DAF3D2812}.Debug|Any CPU.ActiveCfg = Debug|Any CPU
		{C97BCCD9-CA37-4CD8-9FBF-003DAF3D2812}.Debug|Any CPU.Build.0 = Debug|Any CPU
		{C97BCCD9-CA37-4CD8-9FBF-003DAF3D2812}.Release|Any CPU.ActiveCfg = Release|Any CPU
		{C97BCCD9-CA37-4CD8-9FBF-003DAF3D2812}.Release|Any CPU.Build.0 = Release|Any CPU
	EndGlobalSection
	GlobalSection(SolutionProperties) = preSolution
		HideSolutionNode = FALSE
	EndGlobalSection
	GlobalSection(ExtensibilityGlobals) = postSolution
		SolutionGuid = {E3DDAC3F-9B5C-4B13-BD76-2B79D14FB4B4}
	EndGlobalSection
EndGlobal
